PODS:
  - Capacitor (5.3.0):
    - CapacitorCordova
  - CapacitorCordova (5.3.0)
  - CapacitorSplashScreen (5.0.6):
    - Capacitor

DEPENDENCIES:
  - "Capacitor (from `../../node_modules/@capacitor/ios`)"
  - "CapacitorCordova (from `../../node_modules/@capacitor/ios`)"
  - "CapacitorSplashScreen (from `../../node_modules/@capacitor/splash-screen`)"

EXTERNAL SOURCES:
  Capacitor:
    :path: "../../node_modules/@capacitor/ios"
  CapacitorCordova:
    :path: "../../node_modules/@capacitor/ios"
  CapacitorSplashScreen:
    :path: "../../node_modules/@capacitor/splash-screen"

SPEC CHECKSUMS:
  Capacitor: 1ac9165943bc4f2137642d218c5ba05df811de69
  CapacitorCordova: b9374d68e63ce29e96ab5db994cf14fbefd722c9
  CapacitorSplashScreen: 5fa2ab5e46cf5cc530cf16a51c80c7a986579ccd

PODFILE CHECKSUM: 7a859ce68b9d4ff260e7aa4163685f3f2d526323

COCOAPODS: 1.12.1
